{
	"name": "js2",
	"version": "0.3.5",
	"lockfileVersion": 2,
	"requires": true,
	"packages": {
		"": {
			"name": "js2",
			"version": "0.3.5",
			"license": "MIT",
			"dependencies": {
				"copy-paste": "~1.3.0",
				"neo-blessed": "~0.2.0",
				"protoblast": "~0.7.1"
			},
			"devDependencies": {
				"@vercel/ncc": "^0.31.1",
				"terser": "^5.9.0"
			},
			"engines": {
				"node": ">=8.0.0"
			}
		},
		"node_modules/@vercel/ncc": {
			"version": "0.31.1",
			"resolved": "https://registry.npmjs.org/@vercel/ncc/-/ncc-0.31.1.tgz",
			"integrity": "sha512-g0FAxwdViI6UzsiVz5HssIHqjcPa1EHL6h+2dcJD893SoCJaGdqqgUF09xnMW6goWnnhbLvgiKlgJWrJa+7qYA==",
			"dev": true,
			"bin": {
				"ncc": "dist/ncc/cli.js"
			}
		},
		"node_modules/buffer-from": {
			"version": "1.1.2",
			"resolved": "https://registry.npmjs.org/buffer-from/-/buffer-from-1.1.2.tgz",
			"integrity": "sha512-E+XQCRwSbaaiChtv6k6Dwgc+bx+Bs6vuKJHHl5kox/BaKbhiXzqQOwK4cO22yElGp2OCmjwVhT3HmxgyPGnJfQ==",
			"dev": true
		},
		"node_modules/commander": {
			"version": "2.20.3",
			"resolved": "https://registry.npmjs.org/commander/-/commander-2.20.3.tgz",
			"integrity": "sha512-GpVkmM8vF2vQUkj2LvZmD35JxeJOLCwJ9cUkugyk2nuhbv3+mJvpLYYt+0+USMxE+oj+ey/lJEnhZw75x/OMcQ==",
			"dev": true
		},
		"node_modules/copy-paste": {
			"version": "1.3.0",
			"resolved": "https://registry.npmjs.org/copy-paste/-/copy-paste-1.3.0.tgz",
			"integrity": "sha1-p+bEocKP3t8rCB5yuX3y75X0ce0=",
			"dependencies": {
				"iconv-lite": "^0.4.8"
			},
			"optionalDependencies": {
				"sync-exec": "~0.6.x"
			}
		},
		"node_modules/iconv-lite": {
			"version": "0.4.24",
			"resolved": "https://registry.npmjs.org/iconv-lite/-/iconv-lite-0.4.24.tgz",
			"integrity": "sha512-v3MXnZAcvnywkTUEZomIActle7RXXeedOR31wwl7VlyoXO4Qi9arvSenNQWne1TcRwhCL1HwLI21bEqdpj8/rA==",
			"dependencies": {
				"safer-buffer": ">= 2.1.2 < 3"
			},
			"engines": {
				"node": ">=0.10.0"
			}
		},
		"node_modules/json-dry": {
			"version": "1.1.0",
			"resolved": "https://registry.npmjs.org/json-dry/-/json-dry-1.1.0.tgz",
			"integrity": "sha512-zH95UwgPVC9DLOopvXR6ZYqELhUBOevsqd7eD8aGOhhwEfK58HO5VfCfkf1JOCCEWRs6JFO4dGaZhfixDwj+xg==",
			"engines": {
				"node": ">=6.4"
			}
		},
		"node_modules/neo-blessed": {
			"version": "0.2.0",
			"resolved": "https://registry.npmjs.org/neo-blessed/-/neo-blessed-0.2.0.tgz",
			"integrity": "sha512-C2kC4K+G2QnNQFXUIxTQvqmrdSIzGTX1ZRKeDW6ChmvPRw8rTkTEJzbEQHiHy06d36PCl/yMOCjquCRV8SpSQw==",
			"bin": {
				"neo-blessed": "bin/tput.js"
			},
			"engines": {
				"node": ">= 8.0.0"
			}
		},
		"node_modules/protoblast": {
			"version": "0.7.14",
			"resolved": "https://registry.npmjs.org/protoblast/-/protoblast-0.7.14.tgz",
			"integrity": "sha512-BkOm7RKGAIgL2XasebIQC0xNe5/QZn187SWzLOna9Cd4DE87l9jEpV+Uj9RPdnXXHKbTQHeqICd/Xx6HxHGXxg==",
			"dependencies": {
				"json-dry": "~1.1.0"
			},
			"engines": {
				"node": ">=10.21.0"
			}
		},
		"node_modules/safer-buffer": {
			"version": "2.1.2",
			"resolved": "https://registry.npmjs.org/safer-buffer/-/safer-buffer-2.1.2.tgz",
			"integrity": "sha512-YZo3K82SD7Riyi0E1EQPojLz7kpepnSQI9IyPbHHg1XXXevb5dJI7tpyN2ADxGcQbHG7vcyRHk0cbwqcQriUtg=="
		},
		"node_modules/source-map": {
			"version": "0.7.3",
			"resolved": "https://registry.npmjs.org/source-map/-/source-map-0.7.3.tgz",
			"integrity": "sha512-CkCj6giN3S+n9qrYiBTX5gystlENnRW5jZeNLHpe6aue+SrHcG5VYwujhW9s4dY31mEGsxBDrHR6oI69fTXsaQ==",
			"dev": true,
			"engines": {
				"node": ">= 8"
			}
		},
		"node_modules/source-map-support": {
			"version": "0.5.21",
			"resolved": "https://registry.npmjs.org/source-map-support/-/source-map-support-0.5.21.tgz",
			"integrity": "sha512-uBHU3L3czsIyYXKX88fdrGovxdSCoTGDRZ6SYXtSRxLZUzHg5P/66Ht6uoUlHu9EZod+inXhKo3qQgwXUT/y1w==",
			"dev": true,
			"dependencies": {
				"buffer-from": "^1.0.0",
				"source-map": "^0.6.0"
			}
		},
		"node_modules/source-map-support/node_modules/source-map": {
			"version": "0.6.1",
			"resolved": "https://registry.npmjs.org/source-map/-/source-map-0.6.1.tgz",
			"integrity": "sha512-UjgapumWlbMhkBgzT7Ykc5YXUT46F0iKu8SGXq0bcwP5dz/h0Plj6enJqjz1Zbq2l5WaqYnrVbwWOWMyF3F47g==",
			"dev": true,
			"engines": {
				"node": ">=0.10.0"
			}
		},
		"node_modules/sync-exec": {
			"version": "0.6.2",
			"resolved": "https://registry.npmjs.org/sync-exec/-/sync-exec-0.6.2.tgz",
			"integrity": "sha1-cX0izFPwzh3vVZQ2LzqJouu5EQU=",
			"optional": true
		},
		"node_modules/terser": {
			"version": "5.10.0",
			"resolved": "https://registry.npmjs.org/terser/-/terser-5.10.0.tgz",
			"integrity": "sha512-AMmF99DMfEDiRJfxfY5jj5wNH/bYO09cniSqhfoyxc8sFoYIgkJy86G04UoZU5VjlpnplVu0K6Tx6E9b5+DlHA==",
			"dev": true,
			"dependencies": {
				"commander": "^2.20.0",
				"source-map": "~0.7.2",
				"source-map-support": "~0.5.20"
			},
			"bin": {
				"terser": "bin/terser"
			},
			"engines": {
				"node": ">=10"
			},
			"peerDependencies": {
				"acorn": "^8.5.0"
			},
			"peerDependenciesMeta": {
				"acorn": {
					"optional": true
				}
			}
		}
	},
	"dependencies": {
		"@vercel/ncc": {
			"version": "0.31.1",
			"resolved": "https://registry.npmjs.org/@vercel/ncc/-/ncc-0.31.1.tgz",
			"integrity": "sha512-g0FAxwdViI6UzsiVz5HssIHqjcPa1EHL6h+2dcJD893SoCJaGdqqgUF09xnMW6goWnnhbLvgiKlgJWrJa+7qYA==",
			"dev": true
		},
		"buffer-from": {
			"version": "1.1.2",
			"resolved": "https://registry.npmjs.org/buffer-from/-/buffer-from-1.1.2.tgz",
			"integrity": "sha512-E+XQCRwSbaaiChtv6k6Dwgc+bx+Bs6vuKJHHl5kox/BaKbhiXzqQOwK4cO22yElGp2OCmjwVhT3HmxgyPGnJfQ==",
			"dev": true
		},
		"commander": {
			"version": "2.20.3",
			"resolved": "https://registry.npmjs.org/commander/-/commander-2.20.3.tgz",
			"integrity": "sha512-GpVkmM8vF2vQUkj2LvZmD35JxeJOLCwJ9cUkugyk2nuhbv3+mJvpLYYt+0+USMxE+oj+ey/lJEnhZw75x/OMcQ==",
			"dev": true
		},
		"copy-paste": {
			"version": "1.3.0",
			"resolved": "https://registry.npmjs.org/copy-paste/-/copy-paste-1.3.0.tgz",
			"integrity": "sha1-p+bEocKP3t8rCB5yuX3y75X0ce0=",
			"requires": {
				"iconv-lite": "^0.4.8",
				"sync-exec": "~0.6.x"
			}
		},
		"iconv-lite": {
			"version": "0.4.24",
			"resolved": "https://registry.npmjs.org/iconv-lite/-/iconv-lite-0.4.24.tgz",
			"integrity": "sha512-v3MXnZAcvnywkTUEZomIActle7RXXeedOR31wwl7VlyoXO4Qi9arvSenNQWne1TcRwhCL1HwLI21bEqdpj8/rA==",
			"requires": {
				"safer-buffer": ">= 2.1.2 < 3"
			}
		},
		"json-dry": {
			"version": "1.1.0",
			"resolved": "https://registry.npmjs.org/json-dry/-/json-dry-1.1.0.tgz",
			"integrity": "sha512-zH95UwgPVC9DLOopvXR6ZYqELhUBOevsqd7eD8aGOhhwEfK58HO5VfCfkf1JOCCEWRs6JFO4dGaZhfixDwj+xg=="
		},
		"neo-blessed": {
			"version": "0.2.0",
			"resolved": "https://registry.npmjs.org/neo-blessed/-/neo-blessed-0.2.0.tgz",
			"integrity": "sha512-C2kC4K+G2QnNQFXUIxTQvqmrdSIzGTX1ZRKeDW6ChmvPRw8rTkTEJzbEQHiHy06d36PCl/yMOCjquCRV8SpSQw=="
		},
		"protoblast": {
			"version": "0.7.14",
			"resolved": "https://registry.npmjs.org/protoblast/-/protoblast-0.7.14.tgz",
			"integrity": "sha512-BkOm7RKGAIgL2XasebIQC0xNe5/QZn187SWzLOna9Cd4DE87l9jEpV+Uj9RPdnXXHKbTQHeqICd/Xx6HxHGXxg==",
			"requires": {
				"json-dry": "~1.1.0"
			}
		},
		"safer-buffer": {
			"version": "2.1.2",
			"resolved": "https://registry.npmjs.org/safer-buffer/-/safer-buffer-2.1.2.tgz",
			"integrity": "sha512-YZo3K82SD7Riyi0E1EQPojLz7kpepnSQI9IyPbHHg1XXXevb5dJI7tpyN2ADxGcQbHG7vcyRHk0cbwqcQriUtg=="
		},
		"source-map": {
			"version": "0.7.3",
			"resolved": "https://registry.npmjs.org/source-map/-/source-map-0.7.3.tgz",
			"integrity": "sha512-CkCj6giN3S+n9qrYiBTX5gystlENnRW5jZeNLHpe6aue+SrHcG5VYwujhW9s4dY31mEGsxBDrHR6oI69fTXsaQ==",
			"dev": true
		},
		"source-map-support": {
			"version": "0.5.21",
			"resolved": "https://registry.npmjs.org/source-map-support/-/source-map-support-0.5.21.tgz",
			"integrity": "sha512-uBHU3L3czsIyYXKX88fdrGovxdSCoTGDRZ6SYXtSRxLZUzHg5P/66Ht6uoUlHu9EZod+inXhKo3qQgwXUT/y1w==",
			"dev": true,
			"requires": {
				"buffer-from": "^1.0.0",
				"source-map": "^0.6.0"
			},
			"dependencies": {
				"source-map": {
					"version": "0.6.1",
					"resolved": "https://registry.npmjs.org/source-map/-/source-map-0.6.1.tgz",
					"integrity": "sha512-UjgapumWlbMhkBgzT7Ykc5YXUT46F0iKu8SGXq0bcwP5dz/h0Plj6enJqjz1Zbq2l5WaqYnrVbwWOWMyF3F47g==",
					"dev": true
				}
			}
		},
		"sync-exec": {
			"version": "0.6.2",
			"resolved": "https://registry.npmjs.org/sync-exec/-/sync-exec-0.6.2.tgz",
			"integrity": "sha1-cX0izFPwzh3vVZQ2LzqJouu5EQU=",
			"optional": true
		},
		"terser": {
			"version": "5.10.0",
			"resolved": "https://registry.npmjs.org/terser/-/terser-5.10.0.tgz",
			"integrity": "sha512-AMmF99DMfEDiRJfxfY5jj5wNH/bYO09cniSqhfoyxc8sFoYIgkJy86G04UoZU5VjlpnplVu0K6Tx6E9b5+DlHA==",
			"dev": true,
			"requires": {
				"commander": "^2.20.0",
				"source-map": "~0.7.2",
				"source-map-support": "~0.5.20"
			}
		}
	}
}
